// !$*UTF8*$!
{
	archiveVersion = 1;
	classes = {
	};
	objectVersion = 46;
	objects = {

/* Begin PBXBuildFile section */
		0167406B1B8BD19A003BF37F /* main.m in Sources */ = {isa = PBXBuildFile; fileRef = 0167406A1B8BD19A003BF37F /* main.m */; };
		0167406E1B8BD19A003BF37F /* AppDelegate.m in Sources */ = {isa = PBXBuildFile; fileRef = 0167406D1B8BD19A003BF37F /* AppDelegate.m */; };
		016740711B8BD19A003BF37F /* InstaCartQuiz.xcdatamodeld in Sources */ = {isa = PBXBuildFile; fileRef = 0167406F1B8BD19A003BF37F /* InstaCartQuiz.xcdatamodeld */; };
		016740741B8BD19A003BF37F /* ViewController.m in Sources */ = {isa = PBXBuildFile; fileRef = 016740731B8BD19A003BF37F /* ViewController.m */; };
		016740771B8BD19A003BF37F /* Main.storyboard in Resources */ = {isa = PBXBuildFile; fileRef = 016740751B8BD19A003BF37F /* Main.storyboard */; };
		016740791B8BD19A003BF37F /* Images.xcassets in Resources */ = {isa = PBXBuildFile; fileRef = 016740781B8BD19A003BF37F /* Images.xcassets */; };
		0167407C1B8BD19A003BF37F /* LaunchScreen.xib in Resources */ = {isa = PBXBuildFile; fileRef = 0167407A1B8BD19A003BF37F /* LaunchScreen.xib */; };
		016740881B8BD19A003BF37F /* InstaCartQuizTests.m in Sources */ = {isa = PBXBuildFile; fileRef = 016740871B8BD19A003BF37F /* InstaCartQuizTests.m */; };
/* End PBXBuildFile section */

/* Begin PBXContainerItemProxy section */
		016740821B8BD19A003BF37F /* PBXContainerItemProxy */ = {
			isa = PBXContainerItemProxy;
			containerPortal = 0167405D1B8BD199003BF37F /* Project object */;
			proxyType = 1;
			remoteGlobalIDString = 016740641B8BD199003BF37F;
			remoteInfo = InstaCartQuiz;
		};
/* End PBXContainerItemProxy section */

/* Begin PBXFileReference section */
		016740651B8BD19A003BF37F /* InstaCartQuiz.app */ = {isa = PBXFileReference; explicitFileType = wrapper.application; includeInIndex = 0; path = InstaCartQuiz.app; sourceTree = BUILT_PRODUCTS_DIR; };
		016740691B8BD19A003BF37F /* Info.plist */ = {isa = PBXFileReference; lastKnownFileType = text.plist.xml; path = Info.plist; sourceTree = "<group>"; };
		0167406A1B8BD19A003BF37F /* main.m */ = {isa = PBXFileReference; lastKnownFileType = sourcecode.c.objc; path = main.m; sourceTree = "<group>"; };
		0167406C1B8BD19A003BF37F /* AppDelegate.h */ = {isa = PBXFileReference; lastKnownFileType = sourcecode.c.h; path = AppDelegate.h; sourceTree = "<group>"; };
		0167406D1B8BD19A003BF37F /* AppDelegate.m */ = {isa = PBXFileReference; lastKnownFileType = sourcecode.c.objc; path = AppDelegate.m; sourceTree = "<group>"; };
		016740701B8BD19A003BF37F /* InstaCartQuiz.xcdatamodel */ = {isa = PBXFileReference; lastKnownFileType = wrapper.xcdatamodel; path = InstaCartQuiz.xcdatamodel; sourceTree = "<group>"; };
		016740721B8BD19A003BF37F /* ViewController.h */ = {isa = PBXFileReference; lastKnownFileType = sourcecode.c.h; path = ViewController.h; sourceTree = "<group>"; };
		016740731B8BD19A003BF37F /* ViewController.m */ = {isa = PBXFileReference; lastKnownFileType = sourcecode.c.objc; path = ViewController.m; sourceTree = "<group>"; };
		016740761B8BD19A003BF37F /* Base */ = {isa = PBXFileReference; lastKnownFileType = file.storyboard; name = Base; path = Base.lproj/Main.storyboard; sourceTree = "<group>"; };
		016740781B8BD19A003BF37F /* Images.xcassets */ = {isa = PBXFileReference; lastKnownFileType = folder.assetcatalog; path = Images.xcassets; sourceTree = "<group>"; };
		0167407B1B8BD19A003BF37F /* Base */ = {isa = PBXFileReference; lastKnownFileType = file.xib; name = Base; path = Base.lproj/LaunchScreen.xib; sourceTree = "<group>"; };
		016740811B8BD19A003BF37F /* InstaCartQuizTests.xctest */ = {isa = PBXFileReference; explicitFileType = wrapper.cfbundle; includeInIndex = 0; path = InstaCartQuizTests.xctest; sourceTree = BUILT_PRODUCTS_DIR; };
		016740861B8BD19A003BF37F /* Info.plist */ = {isa = PBXFileReference; lastKnownFileType = text.plist.xml; path = Info.plist; sourceTree = "<group>"; };
		016740871B8BD19A003BF37F /* InstaCartQuizTests.m */ = {isa = PBXFileReference; lastKnownFileType = sourcecode.c.objc; path = InstaCartQuizTests.m; sourceTree = "<group>"; };
/* End PBXFileReference section */

/* Begin PBXFrameworksBuildPhase section */
		016740621B8BD199003BF37F /* Frameworks */ = {
			isa = PBXFrameworksBuildPhase;
			buildActionMask = 2147483647;
			files = (
			);
			runOnlyForDeploymentPostprocessing = 0;
		};
		0167407E1B8BD19A003BF37F /* Frameworks */ = {
			isa = PBXFrameworksBuildPhase;
			buildActionMask = 2147483647;
			files = (
			);
			runOnlyForDeploymentPostprocessing = 0;
		};
/* End PBXFrameworksBuildPhase section */

/* Begin PBXGroup section */
		0167405C1B8BD199003BF37F = {
			isa = PBXGroup;
			children = (
				016740671B8BD19A003BF37F /* InstaCartQuiz */,
				016740841B8BD19A003BF37F /* InstaCartQuizTests */,
				016740661B8BD19A003BF37F /* Products */,
			);
			sourceTree = "<group>";
		};
		016740661B8BD19A003BF37F /* Products */ = {
			isa = PBXGroup;
			children = (
				016740651B8BD19A003BF37F /* InstaCartQuiz.app */,
				016740811B8BD19A003BF37F /* InstaCartQuizTests.xctest */,
			);
			name = Products;
			sourceTree = "<group>";
		};
		016740671B8BD19A003BF37F /* InstaCartQuiz */ = {
			isa = PBXGroup;
			children = (
				0167406C1B8BD19A003BF37F /* AppDelegate.h */,
				0167406D1B8BD19A003BF37F /* AppDelegate.m */,
				016740721B8BD19A003BF37F /* ViewController.h */,
				016740731B8BD19A003BF37F /* ViewController.m */,
				016740751B8BD19A003BF37F /* Main.storyboard */,
				016740781B8BD19A003BF37F /* Images.xcassets */,
				0167407A1B8BD19A003BF37F /* LaunchScreen.xib */,
				0167406F1B8BD19A003BF37F /* InstaCartQuiz.xcdatamodeld */,
				016740681B8BD19A003BF37F /* Supporting Files */,
			);
			path = InstaCartQuiz;
			sourceTree = "<group>";
		};
		016740681B8BD19A003BF37F /* Supporting Files */ = {
			isa = PBXGroup;
			children = (
				016740691B8BD19A003BF37F /* Info.plist */,
				0167406A1B8BD19A003BF37F /* main.m */,
			);
			name = "Supporting Files";
			sourceTree = "<group>";
		};
		016740841B8BD19A003BF37F /* InstaCartQuizTests */ = {
			isa = PBXGroup;
			children = (
				016740871B8BD19A003BF37F /* InstaCartQuizTests.m */,
				016740851B8BD19A003BF37F /* Supporting Files */,
			);
			path = InstaCartQuizTests;
			sourceTree = "<group>";
		};
		016740851B8BD19A003BF37F /* Supporting Files */ = {
			isa = PBXGroup;
			children = (
				016740861B8BD19A003BF37F /* Info.plist */,
			);
			name = "Supporting Files";
			sourceTree = "<group>";
		};
/* End PBXGroup section */

/* Begin PBXNativeTarget section */
		016740641B8BD199003BF37F /* InstaCartQuiz */ = {
			isa = PBXNativeTarget;
			buildConfigurationList = 0167408B1B8BD19A003BF37F /* Build configuration list for PBXNativeTarget "InstaCartQuiz" */;
			buildPhases = (
				016740611B8BD199003BF37F /* Sources */,
				016740621B8BD199003BF37F /* Frameworks */,
				016740631B8BD199003BF37F /* Resources */,
			);
			buildRules = (
			);
			dependencies = (
			);
			name = InstaCartQuiz;
			productName = InstaCartQuiz;
			productReference = 016740651B8BD19A003BF37F /* InstaCartQuiz.app */;
			productType = "com.apple.product-type.application";
		};
		016740801B8BD19A003BF37F /* InstaCartQuizTests */ = {
			isa = PBXNativeTarget;
			buildConfigurationList = 0167408E1B8BD19A003BF37F /* Build configuration list for PBXNativeTarget "InstaCartQuizTests" */;
			buildPhases = (
				0167407D1B8BD19A003BF37F /* Sources */,
				0167407E1B8BD19A003BF37F /* Frameworks */,
				0167407F1B8BD19A003BF37F /* Resources */,
			);
			buildRules = (
			);
			dependencies = (
				016740831B8BD19A003BF37F /* PBXTargetDependency */,
			);
			name = InstaCartQuizTests;
			productName = InstaCartQuizTests;
			productReference = 016740811B8BD19A003BF37F /* InstaCartQuizTests.xctest */;
			productType = "com.apple.product-type.bundle.unit-test";
		};
/* End PBXNativeTarget section */

/* Begin PBXProject section */
		0167405D1B8BD199003BF37F /* Project object */ = {
			isa = PBXProject;
			attributes = {
				LastUpgradeCheck = 0640;
				ORGANIZATIONNAME = "Scott Richards";
				TargetAttributes = {
					016740641B8BD199003BF37F = {
						CreatedOnToolsVersion = 6.4;
					};
					016740801B8BD19A003BF37F = {
						CreatedOnToolsVersion = 6.4;
						TestTargetID = 016740641B8BD199003BF37F;
					};
				};
			};
			buildConfigurationList = 016740601B8BD199003BF37F /* Build configuration list for PBXProject "InstaCartQuiz" */;
			compatibilityVersion = "Xcode 3.2";
			developmentRegion = English;
			hasScannedForEncodings = 0;
			knownRegions = (
				en,
				Base,
			);
			mainGroup = 0167405C1B8BD199003BF37F;
			productRefGroup = 016740661B8BD19A003BF37F /* Products */;
			projectDirPath = "";
			projectRoot = "";
			targets = (
				016740641B8BD199003BF37F /* InstaCartQuiz */,
				016740801B8BD19A003BF37F /* InstaCartQuizTests */,
			);
		};
/* End PBXProject section */

/* Begin PBXResourcesBuildPhase section */
		016740631B8BD199003BF37F /* Resources */ = {
			isa = PBXResourcesBuildPhase;
			buildActionMask = 2147483647;
			files = (
				016740771B8BD19A003BF37F /* Main.storyboard in Resources */,
				0167407C1B8BD19A003BF37F /* LaunchScreen.xib in Resources */,
				016740791B8BD19A003BF37F /* Images.xcassets in Resources */,
			);
			runOnlyForDeploymentPostprocessing = 0;
		};
		0167407F1B8BD19A003BF37F /* Resources */ = {
			isa = PBXResourcesBuildPhase;
			buildActionMask = 2147483647;
			files = (
			);
			runOnlyForDeploymentPostprocessing = 0;
		};
/* End PBXResourcesBuildPhase section */

/* Begin PBXSourcesBuildPhase section */
		016740611B8BD199003BF37F /* Sources */ = {
			isa = PBXSourcesBuildPhase;
			buildActionMask = 2147483647;
			files = (
				0167406E1B8BD19A003BF37F /* AppDelegate.m in Sources */,
				0167406B1B8BD19A003BF37F /* main.m in Sources */,
				016740741B8BD19A003BF37F /* ViewController.m in Sources */,
				016740711B8BD19A003BF37F /* InstaCartQuiz.xcdatamodeld in Sources */,
			);
			runOnlyForDeploymentPostprocessing = 0;
		};
		0167407D1B8BD19A003BF37F /* Sources */ = {
			isa = PBXSourcesBuildPhase;
			buildActionMask = 2147483647;
			files = (
				016740881B8BD19A003BF37F /* InstaCartQuizTests.m in Sources */,
			);
			runOnlyForDeploymentPostprocessing = 0;
		};
/* End PBXSourcesBuildPhase section */

/* Begin PBXTargetDependency section */
		016740831B8BD19A003BF37F /* PBXTargetDependency */ = {
			isa = PBXTargetDependency;
			target = 016740641B8BD199003BF37F /* InstaCartQuiz */;
			targetProxy = 016740821B8BD19A003BF37F /* PBXContainerItemProxy */;
		};
/* End PBXTargetDependency section */

/* Begin PBXVariantGroup section */
		016740751B8BD19A003BF37F /* Main.storyboard */ = {
			isa = PBXVariantGroup;
			children = (
				016740761B8BD19A003BF37F /* Base */,
			);
			name = Main.storyboard;
			sourceTree = "<group>";
		};
		0167407A1B8BD19A003BF37F /* LaunchScreen.xib */ = {
			isa = PBXVariantGroup;
			children = (
				0167407B1B8BD19A003BF37F /* Base */,
			);
			name = LaunchScreen.xib;
			sourceTree = "<group>";
		};
/* End PBXVariantGroup section */

/* Begin XCBuildConfiguration section */
		016740891B8BD19A003BF37F /* Debug */ = {
			isa = XCBuildConfiguration;
			buildSettings = {
				ALWAYS_SEARCH_USER_PATHS = NO;
				CLANG_CXX_LANGUAGE_STANDARD = "gnu++0x";
				CLANG_CXX_LIBRARY = "libc++";
				CLANG_ENABLE_MODULES = YES;
				CLANG_ENABLE_OBJC_ARC = YES;
				CLANG_WARN_BOOL_CONVERSION = YES;
				CLANG_WARN_CONSTANT_CONVERSION = YES;
				CLANG_WARN_DIRECT_OBJC_ISA_USAGE = YES_ERROR;
				CLANG_WARN_EMPTY_BODY = YES;
				CLANG_WARN_ENUM_CONVERSION = YES;
				CLANG_WARN_INT_CONVERSION = YES;
				CLANG_WARN_OBJC_ROOT_CLASS = YES_ERROR;
				CLANG_WARN_UNREACHABLE_CODE = YES;
				CLANG_WARN__DUPLICATE_METHOD_MATCH = YES;
				"CODE_SIGN_IDENTITY[sdk=iphoneos*]" = "iPhone Developer";
				COPY_PHASE_STRIP = NO;
				DEBUG_INFORMATION_FORMAT = "dwarf-with-dsym";
				ENABLE_STRICT_OBJC_MSGSEND = YES;
				GCC_C_LANGUAGE_STANDARD = gnu99;
				GCC_DYNAMIC_NO_PIC = NO;
				GCC_NO_COMMON_BLOCKS = YES;
				GCC_OPTIMIZATION_LEVEL = 0;
				GCC_PREPROCESSOR_DEFINITIONS = (
					"DEBUG=1",
					"$(inherited)",
				);
				GCC_SYMBOLS_PRIVATE_EXTERN = NO;
				GCC_WARN_64_TO_32_BIT_CONVERSION = YES;
				GCC_WARN_ABOUT_RETURN_TYPE = YES_ERROR;
				GCC_WARN_UNDECLARED_SELECTOR = YES;
				GCC_WARN_UNINITIALIZED_AUTOS = YES_AGGRESSIVE;
				GCC_WARN_UNUSED_FUNCTION = YES;
				GCC_WARN_UNUSED_VARIABLE = YES;
				IPHONEOS_DEPLOYMENT_TARGET = 8.4;
				MTL_ENABLE_DEBUG_INFO = YES;
				ONLY_ACTIVE_ARCH = YES;
				SDKROOT = iphoneos;
			};
			name = Debug;
		};
		0167408A1B8BD19A003BF37F /* Release */ = {
			isa = XCBuildConfiguration;
			buildSettings = {
				ALWAYS_SEARCH_USER_PATHS = NO;
				CLANG_CXX_LANGUAGE_STANDARD = "gnu++0x";
				CLANG_CXX_LIBRARY = "libc++";
				CLANG_ENABLE_MODULES = YES;
				CLANG_ENABLE_OBJC_ARC = YES;
				CLANG_WARN_BOOL_CONVERSION = YES;
				CLANG_WARN_CONSTANT_CONVERSION = YES;
				CLANG_WARN_DIRECT_OBJC_ISA_USAGE = YES_ERROR;
				CLANG_WARN_EMPTY_BODY = YES;
				CLANG_WARN_ENUM_CONVERSION = YES;
				CLANG_WARN_INT_CONVERSION = YES;
				CLANG_WARN_OBJC_ROOT_CLASS = YES_ERROR;
				CLANG_WARN_UNREACHABLE_CODE = YES;
				CLANG_WARN__DUPLICATE_METHOD_MATCH = YES;
				"CODE_SIGN_IDENTITY[sdk=iphoneos*]" = "iPhone Developer";
				COPY_PHASE_STRIP = NO;
				DEBUG_INFORMATION_FORMAT = "dwarf-with-dsym";
				ENABLE_NS_ASSERTIONS = NO;
				ENABLE_STRICT_OBJC_MSGSEND = YES;
				GCC_C_LANGUAGE_STANDARD = gnu99;
				GCC_NO_COMMON_BLOCKS = YES;
				GCC_WARN_64_TO_32_BIT_CONVERSION = YES;
				GCC_WARN_ABOUT_RETURN_TYPE = YES_ERROR;
				GCC_WARN_UNDECLARED_SELECTOR = YES;
				GCC_WARN_UNINITIALIZED_AUTOS = YES_AGGRESSIVE;
				GCC_WARN_UNUSED_FUNCTION = YES;
				GCC_WARN_UNUSED_VARIABLE = YES;
				IPHONEOS_DEPLOYMENT_TARGET = 8.4;
				MTL_ENABLE_DEBUG_INFO = NO;
				SDKROOT = iphoneos;
				VALIDATE_PRODUCT = YES;
			};
			name = Release;
		};
		0167408C1B8BD19A003BF37F /* Debug */ = {
			isa = XCBuildConfiguration;
			buildSettings = {
				ASSETCATALOG_COMPILER_APPICON_NAME = AppIcon;
				INFOPLIST_FILE = InstaCartQuiz/Info.plist;
				LD_RUNPATH_SEARCH_PATHS = "$(inherited) @executable_path/Frameworks";
				PRODUCT_NAME = "$(TARGET_NAME)";
			};
			name = Debug;
		};
		0167408D1B8BD19A003BF37F /* Release */ = {
			isa = XCBuildConfiguration;
			buildSettings = {
				ASSETCATALOG_COMPILER_APPICON_NAME = AppIcon;
				INFOPLIST_FILE = InstaCartQuiz/Info.plist;
				LD_RUNPATH_SEARCH_PATHS = "$(inherited) @executable_path/Frameworks";
				PRODUCT_NAME = "$(TARGET_NAME)";
			};
			name = Release;
		};
		0167408F1B8BD19A003BF37F /* Debug */ = {
			isa = XCBuildConfiguration;
			buildSettings = {
				BUNDLE_LOADER = "$(TEST_HOST)";
				FRAMEWORK_SEARCH_PATHS = (
					"$(SDKROOT)/Developer/Library/Frameworks",
					"$(inherited)",
				);
				GCC_PREPROCESSOR_DEFINITIONS = (
					"DEBUG=1",
					"$(inherited)",
				);
				INFOPLIST_FILE = InstaCartQuizTests/Info.plist;
				LD_RUNPATH_SEARCH_PATHS = "$(inherited) @executable_path/Frameworks @loader_path/Frameworks";
				PRODUCT_NAME = "$(TARGET_NAME)";
				TEST_HOST = "$(BUILT_PRODUCTS_DIR)/InstaCartQuiz.app/InstaCartQuiz";
			};
			name = Debug;
		};
		016740901B8BD19A003BF37F /* Release */ = {
			isa = XCBuildConfiguration;
			buildSettings = {
				BUNDLE_LOADER = "$(TEST_HOST)";
				FRAMEWORK_SEARCH_PATHS = (
					"$(SDKROOT)/Developer/Library/Frameworks",
					"$(inherited)",
				);
				INFOPLIST_FILE = InstaCartQuizTests/Info.plist;
				LD_RUNPATH_SEARCH_PATHS = "$(inherited) @executable_path/Frameworks @loader_path/Frameworks";
				PRODUCT_NAME = "$(TARGET_NAME)";
				TEST_HOST = "$(BUILT_PRODUCTS_DIR)/InstaCartQuiz.app/InstaCartQuiz";
			};
			name = Release;
		};
/* End XCBuildConfiguration section */

/* Begin XCConfigurationList section */
		016740601B8BD199003BF37F /* Build configuration list for PBXProject "InstaCartQuiz" */ = {
			isa = XCConfigurationList;
			buildConfigurations = (
				016740891B8BD19A003BF37F /* Debug */,
				0167408A1B8BD19A003BF37F /* Release */,
			);
			defaultConfigurationIsVisible = 0;
			defaultConfigurationName = Release;
		};
		0167408B1B8BD19A003BF37F /* Build configuration list for PBXNativeTarget "InstaCartQuiz" */ = {
			isa = XCConfigurationList;
			buildConfigurations = (
				0167408C1B8BD19A003BF37F /* Debug */,
				0167408D1B8BD19A003BF37F /* Release */,
			);
			defaultConfigurationIsVisible = 0;
		};
		0167408E1B8BD19A003BF37F /* Build configuration list for PBXNativeTarget "InstaCartQuizTests" */ = {
			isa = XCConfigurationList;
			buildConfigurations = (
				0167408F1B8BD19A003BF37F /* Debug */,
				016740901B8BD19A003BF37F /* Release */,
			);
			defaultConfigurationIsVisible = 0;
		};
/* End XCConfigurationList section */

/* Begin XCVersionGroup section */
		0167406F1B8BD19A003BF37F /* InstaCartQuiz.xcdatamodeld */ = {
			isa = XCVersionGroup;
			children = (
				016740701B8BD19A003BF37F /* InstaCartQuiz.xcdatamodel */,
			);
			currentVersion = 016740701B8BD19A003BF37F /* InstaCartQuiz.xcdatamodel */;
			path = InstaCartQuiz.xcdatamodeld;
			sourceTree = "<group>";
			versionGroupType = wrapper.xcdatamodel;
		};
/* End XCVersionGroup section */
	};
	rootObject = 0167405D1B8BD199003BF37F /* Project object */;
}
